
Microsoft Visual Studio Solution File, Format Version 12.00
# Visual Studio Version 17
VisualStudioVersion = 17.8.34330.188
MinimumVisualStudioVersion = 10.0.40219.1
Project("{FAE04EC0-301F-11D3-BF4B-00C04F79EFBC}") = "Bai16_Dictionary", "Bai16_Dictionary.csproj", "{A6385721-31BB-4BA0-8A30-79021A0E8075}"
EndProject
Global
	GlobalSection(SolutionConfigurationPlatforms) = preSolution
		Debug|Any CPU = Debug|Any CPU
		Release|Any CPU = Release|Any CPU
	EndGlobalSection
	GlobalSection(ProjectConfigurationPlatforms) = postSolution
		{A6385721-31BB-4BA0-8A30-79021A0E8075}.Debug|Any CPU.ActiveCfg = Debug|Any CPU
		{A6385721-31BB-4BA0-8A30-79021A0E8075}.Debug|Any CPU.Build.0 = Debug|Any CPU
		{A6385721-31BB-4BA0-8A30-79021A0E8075}.Release|Any CPU.ActiveCfg = Release|Any CPU
		{A6385721-31BB-4BA0-8A30-79021A0E8075}.Release|Any CPU.Build.0 = Release|Any CPU
	EndGlobalSection
	GlobalSection(SolutionProperties) = preSolution
		HideSolutionNode = FALSE
	EndGlobalSection
	GlobalSection(ExtensibilityGlobals) = postSolution
		SolutionGuid = {DA57DDBE-33FB-46C9-AEE0-AD72733C8E7C}
	EndGlobalSection
EndGlobal
