
Microsoft Visual Studio Solution File, Format Version 12.00
# Visual Studio Version 17
VisualStudioVersion = 17.8.34330.188
MinimumVisualStudioVersion = 10.0.40219.1
Project("{FAE04EC0-301F-11D3-BF4B-00C04F79EFBC}") = "Bai17_Project_thuc_te", "Bai17_Project_thuc_te.csproj", "{03EE07EF-7657-43D0-9EF0-D3AC6B4F742D}"
EndProject
Global
	GlobalSection(SolutionConfigurationPlatforms) = preSolution
		Debug|Any CPU = Debug|Any CPU
		Release|Any CPU = Release|Any CPU
	EndGlobalSection
	GlobalSection(ProjectConfigurationPlatforms) = postSolution
		{03EE07EF-7657-43D0-9EF0-D3AC6B4F742D}.Debug|Any CPU.ActiveCfg = Debug|Any CPU
		{03EE07EF-7657-43D0-9EF0-D3AC6B4F742D}.Debug|Any CPU.Build.0 = Debug|Any CPU
		{03EE07EF-7657-43D0-9EF0-D3AC6B4F742D}.Release|Any CPU.ActiveCfg = Release|Any CPU
		{03EE07EF-7657-43D0-9EF0-D3AC6B4F742D}.Release|Any CPU.Build.0 = Release|Any CPU
	EndGlobalSection
	GlobalSection(SolutionProperties) = preSolution
		HideSolutionNode = FALSE
	EndGlobalSection
	GlobalSection(ExtensibilityGlobals) = postSolution
		SolutionGuid = {29757223-98DF-4B08-93C4-D3F2C880D3C7}
	EndGlobalSection
EndGlobal
